
Microsoft Visual Studio Solution File, Format Version 12.00
# Visual Studio Version 17
VisualStudioVersion = 17.6.33829.357
MinimumVisualStudioVersion = 10.0.40219.1
Project("{9A19103F-16F7-4668-BE54-9A1E7A4F7556}") = "AnmWorkCore", "AnmWorkCore\AnmWorkCore.csproj", "{6C2BB168-4528-466C-984C-6F2DAA74007D}"
EndProject
Project("{FAE04EC0-301F-11D3-BF4B-00C04F79EFBC}") = "AnmWorkCore.Entity", "AnmWorkCore.Entity\AnmWorkCore.Entity.csproj", "{FEF33CE4-CB5E-48CD-8B03-BC584147A2EA}"
EndProject
Project("{FAE04EC0-301F-11D3-BF4B-00C04F79EFBC}") = "AnmWorkCore.Infrastructure", "AnmWorkCore.Infrastructure\AnmWorkCore.Infrastructure.csproj", "{E8C26293-BDC4-4D32-BA52-6DA86516B19A}"
EndProject
Project("{FAE04EC0-301F-11D3-BF4B-00C04F79EFBC}") = "AnmWorkCore.Services", "AnmWorkCore.Services\AnmWorkCore.Services.csproj", "{E9B07424-8C15-4632-8A1A-DAD5816B8B3D}"
EndProject
Global
	GlobalSection(SolutionConfigurationPlatforms) = preSolution
		Debug|Any CPU = Debug|Any CPU
		Release|Any CPU = Release|Any CPU
	EndGlobalSection
	GlobalSection(ProjectConfigurationPlatforms) = postSolution
		{6C2BB168-4528-466C-984C-6F2DAA74007D}.Debug|Any CPU.ActiveCfg = Debug|Any CPU
		{6C2BB168-4528-466C-984C-6F2DAA74007D}.Debug|Any CPU.Build.0 = Debug|Any CPU
		{6C2BB168-4528-466C-984C-6F2DAA74007D}.Release|Any CPU.ActiveCfg = Release|Any CPU
		{6C2BB168-4528-466C-984C-6F2DAA74007D}.Release|Any CPU.Build.0 = Release|Any CPU
		{FEF33CE4-CB5E-48CD-8B03-BC584147A2EA}.Debug|Any CPU.ActiveCfg = Debug|Any CPU
		{FEF33CE4-CB5E-48CD-8B03-BC584147A2EA}.Debug|Any CPU.Build.0 = Debug|Any CPU
		{FEF33CE4-CB5E-48CD-8B03-BC584147A2EA}.Release|Any CPU.ActiveCfg = Release|Any CPU
		{FEF33CE4-CB5E-48CD-8B03-BC584147A2EA}.Release|Any CPU.Build.0 = Release|Any CPU
		{E8C26293-BDC4-4D32-BA52-6DA86516B19A}.Debug|Any CPU.ActiveCfg = Debug|Any CPU
		{E8C26293-BDC4-4D32-BA52-6DA86516B19A}.Debug|Any CPU.Build.0 = Debug|Any CPU
		{E8C26293-BDC4-4D32-BA52-6DA86516B19A}.Release|Any CPU.ActiveCfg = Release|Any CPU
		{E8C26293-BDC4-4D32-BA52-6DA86516B19A}.Release|Any CPU.Build.0 = Release|Any CPU
		{E9B07424-8C15-4632-8A1A-DAD5816B8B3D}.Debug|Any CPU.ActiveCfg = Debug|Any CPU
		{E9B07424-8C15-4632-8A1A-DAD5816B8B3D}.Debug|Any CPU.Build.0 = Debug|Any CPU
		{E9B07424-8C15-4632-8A1A-DAD5816B8B3D}.Release|Any CPU.ActiveCfg = Release|Any CPU
		{E9B07424-8C15-4632-8A1A-DAD5816B8B3D}.Release|Any CPU.Build.0 = Release|Any CPU
	EndGlobalSection
	GlobalSection(SolutionProperties) = preSolution
		HideSolutionNode = FALSE
	EndGlobalSection
	GlobalSection(ExtensibilityGlobals) = postSolution
		SolutionGuid = {B7CE615C-BF6A-4DE4-B02E-66AEBA95DAA0}
	EndGlobalSection
EndGlobal
